{
  "name": "gemini-shadow-node",
  "version": "1.0.0",
  "lockfileVersion": 3,
  "requires": true,
  "packages": {
    "": {
      "name": "gemini-shadow-node",
      "version": "1.0.0",
      "license": "MIT",
      "dependencies": {
        "ws": "^8.17.1"
      }
    },
    "node_modules/ws": {
      "version": "8.17.1",
      "resolved": "https://registry.npmjs.org/ws/-/ws-8.17.1.tgz",
      "integrity": "sha512-6XQF/GrxMaSYI7sI59S0Qc/CgASIy38i2Xtr2a+y1i5v/3c3xp9G+N6a3q/oClI7I/T3eohLzV+1nL0Jp22A1A==",
      "engines": {
        "node": ">=10.0.0"
      },
      "peerDependencies": {
        "bufferutil": "^4.0.1",
        "utf-8-validate": ">=5.0.2"
      },
      "peerDependenciesMeta": {
        "bufferutil": {
          "optional": true
        },
        "utf-8-validate": {
          "optional": true
        }
      }
    }
  }
}
